
Microsoft Visual Studio Solution File, Format Version 12.00
# Visual Studio Version 17
VisualStudioVersion = 17.5.33627.172
MinimumVisualStudioVersion = 10.0.40219.1
Project("{FAE04EC0-301F-11D3-BF4B-00C04F79EFBC}") = "API", "API\API.csproj", "{7EF5A1E3-FB46-4EAA-BE28-853AF4BFE2A5}"
EndProject
Global
	GlobalSection(SolutionConfigurationPlatforms) = preSolution
		Debug|Any CPU = Debug|Any CPU
		Release|Any CPU = Release|Any CPU
	EndGlobalSection
	GlobalSection(ProjectConfigurationPlatforms) = postSolution
		{7EF5A1E3-FB46-4EAA-BE28-853AF4BFE2A5}.Debug|Any CPU.ActiveCfg = Debug|Any CPU
		{7EF5A1E3-FB46-4EAA-BE28-853AF4BFE2A5}.Debug|Any CPU.Build.0 = Debug|Any CPU
		{7EF5A1E3-FB46-4EAA-BE28-853AF4BFE2A5}.Release|Any CPU.ActiveCfg = Release|Any CPU
		{7EF5A1E3-FB46-4EAA-BE28-853AF4BFE2A5}.Release|Any CPU.Build.0 = Release|Any CPU
	EndGlobalSection
	GlobalSection(SolutionProperties) = preSolution
		HideSolutionNode = FALSE
	EndGlobalSection
	GlobalSection(ExtensibilityGlobals) = postSolution
		SolutionGuid = {071F0996-8274-472C-B959-D4BA69934582}
	EndGlobalSection
EndGlobal
